
Microsoft Visual Studio Solution File, Format Version 12.00
# Visual Studio Version 17
VisualStudioVersion = 17.5.002.0
MinimumVisualStudioVersion = 10.0.40219.1
Project("{9A19103F-16F7-4668-BE54-9A1E7A4F7556}") = "LabWebApp", "LabWebApp.csproj", "{3CE74E99-BDB6-49C8-8A53-13CAE5118991}"
EndProject
Global
	GlobalSection(SolutionConfigurationPlatforms) = preSolution
		Debug|Any CPU = Debug|Any CPU
		Release|Any CPU = Release|Any CPU
	EndGlobalSection
	GlobalSection(ProjectConfigurationPlatforms) = postSolution
		{3CE74E99-BDB6-49C8-8A53-13CAE5118991}.Debug|Any CPU.ActiveCfg = Debug|Any CPU
		{3CE74E99-BDB6-49C8-8A53-13CAE5118991}.Debug|Any CPU.Build.0 = Debug|Any CPU
		{3CE74E99-BDB6-49C8-8A53-13CAE5118991}.Release|Any CPU.ActiveCfg = Release|Any CPU
		{3CE74E99-BDB6-49C8-8A53-13CAE5118991}.Release|Any CPU.Build.0 = Release|Any CPU
	EndGlobalSection
	GlobalSection(SolutionProperties) = preSolution
		HideSolutionNode = FALSE
	EndGlobalSection
	GlobalSection(ExtensibilityGlobals) = postSolution
		SolutionGuid = {B0337A12-1551-4C2E-85BA-5BBD9299C54A}
	EndGlobalSection
EndGlobal
